PODS:
  - Flutter (1.0.0)
  - flutter_speech_recognition (0.0.1):
    - Flutter

DEPENDENCIES:
  - Flutter (from `.symlinks/flutter/ios`)
  - flutter_speech_recognition (from `.symlinks/plugins/flutter_speech_recognition/ios`)

EXTERNAL SOURCES:
  Flutter:
    :path: ".symlinks/flutter/ios"
  flutter_speech_recognition:
    :path: ".symlinks/plugins/flutter_speech_recognition/ios"

SPEC CHECKSUMS:
  Flutter: 58dd7d1b27887414a370fcccb9e645c08ffd7a6a
  flutter_speech_recognition: 4acdfebd5cf8c642e2a3b0cf40d69e75f454d11e

PODFILE CHECKSUM: 3decc2e774b510ba22eb1657a58639b1e4d0ba55

COCOAPODS: 1.7.1
